
Microsoft Visual Studio Solution File, Format Version 12.00
# Visual Studio Version 17
VisualStudioVersion = 17.11.35327.3
MinimumVisualStudioVersion = 10.0.40219.1
Project("{FAE04EC0-301F-11D3-BF4B-00C04F79EFBC}") = "MauiApp2", "MauiApp2\MauiApp2.csproj", "{486B606A-DE02-47F2-A096-773151ECE0FC}"
EndProject
Global
	GlobalSection(SolutionConfigurationPlatforms) = preSolution
		Debug|Any CPU = Debug|Any CPU
		Release|Any CPU = Release|Any CPU
	EndGlobalSection
	GlobalSection(ProjectConfigurationPlatforms) = postSolution
		{486B606A-DE02-47F2-A096-773151ECE0FC}.Debug|Any CPU.ActiveCfg = Debug|Any CPU
		{486B606A-DE02-47F2-A096-773151ECE0FC}.Debug|Any CPU.Build.0 = Debug|Any CPU
		{486B606A-DE02-47F2-A096-773151ECE0FC}.Debug|Any CPU.Deploy.0 = Debug|Any CPU
		{486B606A-DE02-47F2-A096-773151ECE0FC}.Release|Any CPU.ActiveCfg = Release|Any CPU
		{486B606A-DE02-47F2-A096-773151ECE0FC}.Release|Any CPU.Build.0 = Release|Any CPU
		{486B606A-DE02-47F2-A096-773151ECE0FC}.Release|Any CPU.Deploy.0 = Release|Any CPU
	EndGlobalSection
	GlobalSection(SolutionProperties) = preSolution
		HideSolutionNode = FALSE
	EndGlobalSection
	GlobalSection(ExtensibilityGlobals) = postSolution
		SolutionGuid = {97729FE1-3CBB-4B11-AB93-D37C5BDE7624}
	EndGlobalSection
EndGlobal
